
Microsoft Visual Studio Solution File, Format Version 12.00
# Visual Studio Version 18
VisualStudioVersion = 18.1.11312.151
MinimumVisualStudioVersion = 10.0.40219.1
Project("{FAE04EC0-301F-11D3-BF4B-00C04F79EFBC}") = "Fibonacci", "Fibonacci\Fibonacci.csproj", "{44E7C056-7559-4010-8CA5-BD70D11E34AB}"
EndProject
Project("{FAE04EC0-301F-11D3-BF4B-00C04F79EFBC}") = "Fibonacci.Tests", "Fibonacci.Tests\Fibonacci.Tests.csproj", "{21BECC64-624E-4E92-AF06-3C6887E5A25B}"
EndProject
Project("{2150E333-8FDC-42A3-9474-1A3956D46DE8}") = "Solution Items", "Solution Items", "{80801DBC-7A05-4768-AE27-C1991A8F68E0}"
	ProjectSection(SolutionItems) = preProject
		.gitignore = .gitignore
		CODE_OF_CONDUCT.md = CODE_OF_CONDUCT.md
		CONTRIBUTING.md = CONTRIBUTING.md
		Directory.Build.props = Directory.Build.props
		Directory.Packages.props = Directory.Packages.props
		LICENSE = LICENSE
		README.md = README.md
		SECURITY.md = SECURITY.md
		stryker-config.json = stryker-config.json
	EndProjectSection
EndProject
Project("{2150E333-8FDC-42A3-9474-1A3956D46DE8}") = ".github", ".github", "{93BF5F2E-7A88-4778-9A49-34E175206890}"
	ProjectSection(SolutionItems) = preProject
		.github\dependabot.yml = .github\dependabot.yml
		.github\FUNDING.yml = .github\FUNDING.yml
	EndProjectSection
EndProject
Project("{2150E333-8FDC-42A3-9474-1A3956D46DE8}") = "workflows", "workflows", "{4C996E7E-F354-4F18-B0C7-2B7614459AAF}"
	ProjectSection(SolutionItems) = preProject
		.github\workflows\dotnet-stryker-action.yml = .github\workflows\dotnet-stryker-action.yml
		.github\workflows\build-test.yml = .github\workflows\build-test.yml
		.github\workflows\release.yaml = .github\workflows\release.yaml
	EndProjectSection
EndProject
Project("{2150E333-8FDC-42A3-9474-1A3956D46DE8}") = "ISSUE_TEMPLATE", "ISSUE_TEMPLATE", "{5C442B25-C02E-414C-A943-42EB6B68649E}"
	ProjectSection(SolutionItems) = preProject
		.github\ISSUE_TEMPLATE\bug_report.md = .github\ISSUE_TEMPLATE\bug_report.md
		.github\ISSUE_TEMPLATE\feature_request.md = .github\ISSUE_TEMPLATE\feature_request.md
	EndProjectSection
EndProject
Project("{2150E333-8FDC-42A3-9474-1A3956D46DE8}") = "Resources", "Resources", "{9D62D776-5E04-4123-A32C-812673777CAD}"
	ProjectSection(SolutionItems) = preProject
		Resources\fibonacci.png = Resources\fibonacci.png
	EndProjectSection
EndProject
Global
	GlobalSection(SolutionConfigurationPlatforms) = preSolution
		Debug|Any CPU = Debug|Any CPU
		Release|Any CPU = Release|Any CPU
	EndGlobalSection
	GlobalSection(ProjectConfigurationPlatforms) = postSolution
		{44E7C056-7559-4010-8CA5-BD70D11E34AB}.Debug|Any CPU.ActiveCfg = Debug|Any CPU
		{44E7C056-7559-4010-8CA5-BD70D11E34AB}.Debug|Any CPU.Build.0 = Debug|Any CPU
		{44E7C056-7559-4010-8CA5-BD70D11E34AB}.Release|Any CPU.ActiveCfg = Release|Any CPU
		{44E7C056-7559-4010-8CA5-BD70D11E34AB}.Release|Any CPU.Build.0 = Release|Any CPU
		{21BECC64-624E-4E92-AF06-3C6887E5A25B}.Debug|Any CPU.ActiveCfg = Debug|Any CPU
		{21BECC64-624E-4E92-AF06-3C6887E5A25B}.Debug|Any CPU.Build.0 = Debug|Any CPU
		{21BECC64-624E-4E92-AF06-3C6887E5A25B}.Release|Any CPU.ActiveCfg = Release|Any CPU
		{21BECC64-624E-4E92-AF06-3C6887E5A25B}.Release|Any CPU.Build.0 = Release|Any CPU
	EndGlobalSection
	GlobalSection(SolutionProperties) = preSolution
		HideSolutionNode = FALSE
	EndGlobalSection
	GlobalSection(NestedProjects) = preSolution
		{4C996E7E-F354-4F18-B0C7-2B7614459AAF} = {93BF5F2E-7A88-4778-9A49-34E175206890}
		{5C442B25-C02E-414C-A943-42EB6B68649E} = {93BF5F2E-7A88-4778-9A49-34E175206890}
	EndGlobalSection
	GlobalSection(ExtensibilityGlobals) = postSolution
		SolutionGuid = {0033F74E-D387-4896-8A38-CE197D5CCA21}
	EndGlobalSection
EndGlobal
